<?xml version="1.0" encoding="utf-8"?>
<Project ToolsVersion="4.0" xmlns="http://schemas.microsoft.com/developer/msbuild/2003">
  <ItemGroup>
    <ClCompile Include="Source.cpp" />
    <ClCompile Include="FindMax\FindMax.cpp" />
  </ItemGroup>
  <ItemGroup>
    <Image Include="HugeInteger\HugeInteger1.PNG" />
  </ItemGroup>
  <ItemGroup>
    <Text Include="FindMax\problem.txt" />
  </ItemGroup>
  <ItemGroup>
    <ClInclude Include="FindMax\FindMax.h" />
  </ItemGroup>
</Project>