<?xml version="1.0" encoding="utf-8"?>
<Project ToolsVersion="4.0" xmlns="http://schemas.microsoft.com/developer/msbuild/2003">
  <ItemGroup>
    <ClCompile Include="Source.cpp" />
    <ClCompile Include="FindMax\FindMax.cpp" />
    <ClCompile Include="Dijkstra\Dijkstra.cpp" />
    <ClCompile Include="HugeInteger\HugeInteger.cpp" />
    <ClCompile Include="Sort\Sort.cpp" />
  </ItemGroup>
  <ItemGroup>
    <Text Include="FindMax\problem.txt" />
    <Text Include="Dijkstra\problem.txt" />
  </ItemGroup>
  <ItemGroup>
    <ClInclude Include="FindMax\FindMax.h" />
    <ClInclude Include="Dijkstra\Dijkstra.h" />
    <ClInclude Include="HugeInteger\HugeInteger.h" />
    <ClInclude Include="Sort\Sort.h" />
  </ItemGroup>
</Project>